{
  "name": "parser-combinators",
  "version": "1.0.0",
  "lockfileVersion": 3,
  "requires": true,
  "packages": {
    "": {
      "name": "parser-combinators",
      "version": "1.0.0",
      "license": "ISC",
      "dependencies": {
        "arcsecond": "^5.0.0"
      }
    },
    "node_modules/arcsecond": {
      "version": "5.0.0",
      "resolved": "https://registry.npmmirror.com/arcsecond/-/arcsecond-5.0.0.tgz",
      "integrity": "sha512-J/fHdyadnsIencRsM6oUSsraCKG+Ni9Udcgr/eusxjTzX3SEQtCUQSpP0YtImFPfIK6DdT1nqwN0ng4FqNmwgA==",
      "license": "MIT"
    }
  }
}
